
Microsoft Visual Studio Solution File, Format Version 12.00
# Visual Studio Version 17
VisualStudioVersion = 17.4.33213.308
MinimumVisualStudioVersion = 10.0.40219.1
Project("{FAE04EC0-301F-11D3-BF4B-00C04F79EFBC}") = "C2CPortal", "C2CPortal.csproj", "{A103FD9A-AAFF-4956-AE84-6963BCB81FCA}"
EndProject
Global
	GlobalSection(SolutionConfigurationPlatforms) = preSolution
		Debug|Any CPU = Debug|Any CPU
		Release|Any CPU = Release|Any CPU
	EndGlobalSection
	GlobalSection(ProjectConfigurationPlatforms) = postSolution
		{A103FD9A-AAFF-4956-AE84-6963BCB81FCA}.Debug|Any CPU.ActiveCfg = Debug|Any CPU
		{A103FD9A-AAFF-4956-AE84-6963BCB81FCA}.Debug|Any CPU.Build.0 = Debug|Any CPU
		{A103FD9A-AAFF-4956-AE84-6963BCB81FCA}.Release|Any CPU.ActiveCfg = Release|Any CPU
		{A103FD9A-AAFF-4956-AE84-6963BCB81FCA}.Release|Any CPU.Build.0 = Release|Any CPU
	EndGlobalSection
	GlobalSection(SolutionProperties) = preSolution
		HideSolutionNode = FALSE
	EndGlobalSection
	GlobalSection(ExtensibilityGlobals) = postSolution
		SolutionGuid = {C833BDC6-DACC-4467-9DD3-EED0D7BD771A}
	EndGlobalSection
EndGlobal
